
Microsoft Visual Studio Solution File, Format Version 12.00
# Visual Studio Version 17
VisualStudioVersion = 17.3.32922.545
MinimumVisualStudioVersion = 10.0.40219.1
Project("{8BC9CEB8-8B4A-11D0-8D11-00A0C91BC942}") = "Struct_3Proje", "Struct_3Proje\Struct_3Proje.vcxproj", "{965380E2-F4EF-4604-AC9E-5A6B6FFB8B39}"
EndProject
Global
	GlobalSection(SolutionConfigurationPlatforms) = preSolution
		Debug|x64 = Debug|x64
		Debug|x86 = Debug|x86
		Release|x64 = Release|x64
		Release|x86 = Release|x86
	EndGlobalSection
	GlobalSection(ProjectConfigurationPlatforms) = postSolution
		{965380E2-F4EF-4604-AC9E-5A6B6FFB8B39}.Debug|x64.ActiveCfg = Debug|x64
		{965380E2-F4EF-4604-AC9E-5A6B6FFB8B39}.Debug|x64.Build.0 = Debug|x64
		{965380E2-F4EF-4604-AC9E-5A6B6FFB8B39}.Debug|x86.ActiveCfg = Debug|Win32
		{965380E2-F4EF-4604-AC9E-5A6B6FFB8B39}.Debug|x86.Build.0 = Debug|Win32
		{965380E2-F4EF-4604-AC9E-5A6B6FFB8B39}.Release|x64.ActiveCfg = Release|x64
		{965380E2-F4EF-4604-AC9E-5A6B6FFB8B39}.Release|x64.Build.0 = Release|x64
		{965380E2-F4EF-4604-AC9E-5A6B6FFB8B39}.Release|x86.ActiveCfg = Release|Win32
		{965380E2-F4EF-4604-AC9E-5A6B6FFB8B39}.Release|x86.Build.0 = Release|Win32
	EndGlobalSection
	GlobalSection(SolutionProperties) = preSolution
		HideSolutionNode = FALSE
	EndGlobalSection
	GlobalSection(ExtensibilityGlobals) = postSolution
		SolutionGuid = {F9E30533-C80F-479A-A296-5B8623494CE5}
	EndGlobalSection
EndGlobal
